
Microsoft Visual Studio Solution File, Format Version 12.00
# Visual Studio Version 16
VisualStudioVersion = 16.0.30114.105
MinimumVisualStudioVersion = 10.0.40219.1
Project("{FAE04EC0-301F-11D3-BF4B-00C04F79EFBC}") = "BowlingGame", "BowlingGame\BowlingGame.csproj", "{9C225588-8D3B-4AAE-BAAA-9D94E108565D}"
EndProject
Project("{FAE04EC0-301F-11D3-BF4B-00C04F79EFBC}") = "BowlingGame.Tests", "BowlingGame.Tests\BowlingGame.Tests.csproj", "{C92ED5A0-E10D-4D55-A1F8-4B81946C1E10}"
EndProject
Global
	GlobalSection(SolutionConfigurationPlatforms) = preSolution
		Debug|Any CPU = Debug|Any CPU
		Release|Any CPU = Release|Any CPU
	EndGlobalSection
	GlobalSection(SolutionProperties) = preSolution
		HideSolutionNode = FALSE
	EndGlobalSection
	GlobalSection(ProjectConfigurationPlatforms) = postSolution
		{9C225588-8D3B-4AAE-BAAA-9D94E108565D}.Debug|Any CPU.ActiveCfg = Debug|Any CPU
		{9C225588-8D3B-4AAE-BAAA-9D94E108565D}.Debug|Any CPU.Build.0 = Debug|Any CPU
		{9C225588-8D3B-4AAE-BAAA-9D94E108565D}.Release|Any CPU.ActiveCfg = Release|Any CPU
		{9C225588-8D3B-4AAE-BAAA-9D94E108565D}.Release|Any CPU.Build.0 = Release|Any CPU
		{C92ED5A0-E10D-4D55-A1F8-4B81946C1E10}.Debug|Any CPU.ActiveCfg = Debug|Any CPU
		{C92ED5A0-E10D-4D55-A1F8-4B81946C1E10}.Debug|Any CPU.Build.0 = Debug|Any CPU
		{C92ED5A0-E10D-4D55-A1F8-4B81946C1E10}.Release|Any CPU.ActiveCfg = Release|Any CPU
		{C92ED5A0-E10D-4D55-A1F8-4B81946C1E10}.Release|Any CPU.Build.0 = Release|Any CPU
	EndGlobalSection
EndGlobal
